github.com/LordMartron94/Ruleforge/ruleforge/components/ruleforge/common/compiler v0.0.0-20251103190150-1572761805fc h1:yj71HqnXCe+uBahCoohtBLCQBBISLp1WexpmKWrfgqM=
github.com/LordMartron94/Ruleforge/ruleforge/components/ruleforge/common/compiler v0.0.0-20251103190150-1572761805fc/go.mod h1:RMxWcOy2S/UVCnvFnYBp0ysr95Daj7n6aReeDyebH7M=
github.com/LordMartron94/Ruleforge/ruleforge/components/ruleforge/rules v0.0.0-20251103190150-1572761805fc h1:MV6RYV8e1Nw4pg9JcbKv0unkYNtzxIVqF1EyAlNonmA=
github.com/LordMartron94/Ruleforge/ruleforge/components/ruleforge/rules v0.0.0-20251103190150-1572761805fc/go.mod h1:KmoE4tMHlCPtx5Qv1SERrllY8mXDZc5DY/gTrQa9EDY=
