github.com/LordMartron94/Ruleforge/ruleforge/components/ruleforge/common/extensions v0.0.0-20251103190150-1572761805fc h1:nG2/rNc+QVz8tJR5M0XBsYayQwj3IEwvSnzFs7UYTdo=
github.com/LordMartron94/Ruleforge/ruleforge/components/ruleforge/common/extensions v0.0.0-20251103190150-1572761805fc/go.mod h1:XUIg2GTMC7kohHUZQK4OpHAS1Hqxg4gPSjbrxmi2Uio=
